
Microsoft Visual Studio Solution File, Format Version 12.00
# Visual Studio 15
VisualStudioVersion = 15.0.27130.2024
MinimumVisualStudioVersion = 10.0.40219.1
Project("{FAE04EC0-301F-11D3-BF4B-00C04F79EFBC}") = "WTS", "WTS\WTS.csproj", "{2F8458A1-D233-41AD-AB47-97CE09E5EFDD}"
EndProject
Project("{FAE04EC0-301F-11D3-BF4B-00C04F79EFBC}") = "WTS.DL", "WTS.DL\WTS.DL.csproj", "{CB97EF0A-F6CD-4BF8-939F-D7744753D67A}"
EndProject
Project("{FAE04EC0-301F-11D3-BF4B-00C04F79EFBC}") = "WTS.BL", "WTS.BL\WTS.BL.csproj", "{0713D7F3-EC95-4F5B-A067-034FA5989D43}"
EndProject
Global
	GlobalSection(SolutionConfigurationPlatforms) = preSolution
		Debug|Any CPU = Debug|Any CPU
		Release|Any CPU = Release|Any CPU
	EndGlobalSection
	GlobalSection(ProjectConfigurationPlatforms) = postSolution
		{2F8458A1-D233-41AD-AB47-97CE09E5EFDD}.Debug|Any CPU.ActiveCfg = Debug|Any CPU
		{2F8458A1-D233-41AD-AB47-97CE09E5EFDD}.Debug|Any CPU.Build.0 = Debug|Any CPU
		{2F8458A1-D233-41AD-AB47-97CE09E5EFDD}.Release|Any CPU.ActiveCfg = Release|Any CPU
		{2F8458A1-D233-41AD-AB47-97CE09E5EFDD}.Release|Any CPU.Build.0 = Release|Any CPU
		{CB97EF0A-F6CD-4BF8-939F-D7744753D67A}.Debug|Any CPU.ActiveCfg = Debug|Any CPU
		{CB97EF0A-F6CD-4BF8-939F-D7744753D67A}.Debug|Any CPU.Build.0 = Debug|Any CPU
		{CB97EF0A-F6CD-4BF8-939F-D7744753D67A}.Release|Any CPU.ActiveCfg = Release|Any CPU
		{CB97EF0A-F6CD-4BF8-939F-D7744753D67A}.Release|Any CPU.Build.0 = Release|Any CPU
		{0713D7F3-EC95-4F5B-A067-034FA5989D43}.Debug|Any CPU.ActiveCfg = Debug|Any CPU
		{0713D7F3-EC95-4F5B-A067-034FA5989D43}.Debug|Any CPU.Build.0 = Debug|Any CPU
		{0713D7F3-EC95-4F5B-A067-034FA5989D43}.Release|Any CPU.ActiveCfg = Release|Any CPU
		{0713D7F3-EC95-4F5B-A067-034FA5989D43}.Release|Any CPU.Build.0 = Release|Any CPU
	EndGlobalSection
	GlobalSection(SolutionProperties) = preSolution
		HideSolutionNode = FALSE
	EndGlobalSection
	GlobalSection(ExtensibilityGlobals) = postSolution
		SolutionGuid = {E8572370-386B-4C12-9B8D-73ABC4102275}
	EndGlobalSection
EndGlobal
